
Microsoft Visual Studio Solution File, Format Version 12.00
# Visual Studio Version 17
VisualStudioVersion = 17.8.34525.116
MinimumVisualStudioVersion = 10.0.40219.1
Project("{FAE04EC0-301F-11D3-BF4B-00C04F79EFBC}") = "BackOffice", "BackOffice\BackOffice\BackOffice.csproj", "{F0F2D3C2-CF2F-49BF-8658-2AAC06561AED}"
EndProject
Project("{FAE04EC0-301F-11D3-BF4B-00C04F79EFBC}") = "BackOffice.Client", "BackOffice\BackOffice.Client\BackOffice.Client.csproj", "{99328311-D343-4B37-8157-AD23ADCBD833}"
EndProject
Global
	GlobalSection(SolutionConfigurationPlatforms) = preSolution
		Debug|Any CPU = Debug|Any CPU
		Release|Any CPU = Release|Any CPU
	EndGlobalSection
	GlobalSection(ProjectConfigurationPlatforms) = postSolution
		{F0F2D3C2-CF2F-49BF-8658-2AAC06561AED}.Debug|Any CPU.ActiveCfg = Debug|Any CPU
		{F0F2D3C2-CF2F-49BF-8658-2AAC06561AED}.Debug|Any CPU.Build.0 = Debug|Any CPU
		{F0F2D3C2-CF2F-49BF-8658-2AAC06561AED}.Release|Any CPU.ActiveCfg = Release|Any CPU
		{F0F2D3C2-CF2F-49BF-8658-2AAC06561AED}.Release|Any CPU.Build.0 = Release|Any CPU
		{99328311-D343-4B37-8157-AD23ADCBD833}.Debug|Any CPU.ActiveCfg = Debug|Any CPU
		{99328311-D343-4B37-8157-AD23ADCBD833}.Debug|Any CPU.Build.0 = Debug|Any CPU
		{99328311-D343-4B37-8157-AD23ADCBD833}.Release|Any CPU.ActiveCfg = Release|Any CPU
		{99328311-D343-4B37-8157-AD23ADCBD833}.Release|Any CPU.Build.0 = Release|Any CPU
	EndGlobalSection
	GlobalSection(SolutionProperties) = preSolution
		HideSolutionNode = FALSE
	EndGlobalSection
	GlobalSection(ExtensibilityGlobals) = postSolution
		SolutionGuid = {EED94B99-AF2B-4B07-AE52-EDA88E62C79D}
	EndGlobalSection
EndGlobal
